{
  "name": "y",
  "version": "1.0.0",
  "lockfileVersion": 3,
  "requires": true,
  "packages": {
    "": {
      "name": "y",
      "version": "1.0.0",
      "license": "ISC",
      "dependencies": {
        "@prabakaran08/package-hello": "^1.6.1"
      }
    },
    "node_modules/@prabakaran08/package-hello": {
      "version": "1.6.1",
      "resolved": "https://registry.npmjs.org/@prabakaran08/package-hello/-/package-hello-1.6.1.tgz",
      "integrity": "sha512-X6JP4hYhs8b7ClitOmm93ucLvP8OHs3R9pvHWbT1z9nvrf9n8wAGwQxm+81aipKUVaejCFs6q8OPsQ4oz43RCg==",
      "license": "ISC"
    }
  }
}
